{
  "name": "ecommerce_project",
  "lockfileVersion": 3,
  "requires": true,
  "packages": {
    "": {
      "dependencies": {
        "@stripe/stripe-js": "^8.6.4"
      }
    },
    "node_modules/@stripe/stripe-js": {
      "version": "8.6.4",
      "resolved": "https://registry.npmjs.org/@stripe/stripe-js/-/stripe-js-8.6.4.tgz",
      "integrity": "sha512-ipBq9+YEt5i4FxotkwNlQDqXvt//9ts23XQ4zgwm7yOkU/k3ZHnNRnm7dR418r5nC455dVYEzP7eERUHLrIYhA==",
      "license": "MIT",
      "engines": {
        "node": ">=12.16"
      }
    }
  }
}
